// !$*UTF8*$!
{
	archiveVersion = 1;
	classes = {
	};
	objectVersion = 55;
	objects = {

/* Begin PBXBuildFile section */
		53763E7A2753D3D600A2D1CC /* WGNChicagoApp.swift in Sources */ = {isa = PBXBuildFile; fileRef = 53763E6A2753D3D500A2D1CC /* WGNChicagoApp.swift */; };
		53763E7B2753D3D600A2D1CC /* WGNChicagoApp.swift in Sources */ = {isa = PBXBuildFile; fileRef = 53763E6A2753D3D500A2D1CC /* WGNChicagoApp.swift */; };
		53763E7C2753D3D600A2D1CC /* WGNChicagoView.swift in Sources */ = {isa = PBXBuildFile; fileRef = 53763E6B2753D3D500A2D1CC /* WGNChicagoView.swift */; };
		53763E7D2753D3D600A2D1CC /* WGNChicagoView.swift in Sources */ = {isa = PBXBuildFile; fileRef = 53763E6B2753D3D500A2D1CC /* WGNChicagoView.swift */; };
		53763E7E2753D3D600A2D1CC /* Assets.xcassets in Resources */ = {isa = PBXBuildFile; fileRef = 53763E6C2753D3D600A2D1CC /* Assets.xcassets */; };
		53763E7F2753D3D600A2D1CC /* Assets.xcassets in Resources */ = {isa = PBXBuildFile; fileRef = 53763E6C2753D3D600A2D1CC /* Assets.xcassets */; };
		53763E892753D51900A2D1CC /* WGNChicagoViewModel.swift in Sources */ = {isa = PBXBuildFile; fileRef = 53763E882753D51900A2D1CC /* WGNChicagoViewModel.swift */; };
		53763E8A2753D51900A2D1CC /* WGNChicagoViewModel.swift in Sources */ = {isa = PBXBuildFile; fileRef = 53763E882753D51900A2D1CC /* WGNChicagoViewModel.swift */; };
		53763E8C2753EBB900A2D1CC /* PlayerView.swift in Sources */ = {isa = PBXBuildFile; fileRef = 53763E8B2753EBB900A2D1CC /* PlayerView.swift */; };
		53763E902753F48C00A2D1CC /* RoutePickerView.swift in Sources */ = {isa = PBXBuildFile; fileRef = 53763E8F2753F48C00A2D1CC /* RoutePickerView.swift */; };
/* End PBXBuildFile section */

/* Begin PBXFileReference section */
		53763E6A2753D3D500A2D1CC /* WGNChicagoApp.swift */ = {isa = PBXFileReference; lastKnownFileType = sourcecode.swift; path = WGNChicagoApp.swift; sourceTree = "<group>"; };
		53763E6B2753D3D500A2D1CC /* WGNChicagoView.swift */ = {isa = PBXFileReference; lastKnownFileType = sourcecode.swift; path = WGNChicagoView.swift; sourceTree = "<group>"; };
		53763E6C2753D3D600A2D1CC /* Assets.xcassets */ = {isa = PBXFileReference; lastKnownFileType = folder.assetcatalog; path = Assets.xcassets; sourceTree = "<group>"; };
		53763E712753D3D600A2D1CC /* WGN Chicago.app */ = {isa = PBXFileReference; explicitFileType = wrapper.application; includeInIndex = 0; path = "WGN Chicago.app"; sourceTree = BUILT_PRODUCTS_DIR; };
		53763E772753D3D600A2D1CC /* WGN Chicago.app */ = {isa = PBXFileReference; explicitFileType = wrapper.application; includeInIndex = 0; path = "WGN Chicago.app"; sourceTree = BUILT_PRODUCTS_DIR; };
		53763E792753D3D600A2D1CC /* macOS.entitlements */ = {isa = PBXFileReference; lastKnownFileType = text.plist.entitlements; path = macOS.entitlements; sourceTree = "<group>"; };
		53763E882753D51900A2D1CC /* WGNChicagoViewModel.swift */ = {isa = PBXFileReference; lastKnownFileType = sourcecode.swift; path = WGNChicagoViewModel.swift; sourceTree = "<group>"; };
		53763E8B2753EBB900A2D1CC /* PlayerView.swift */ = {isa = PBXFileReference; lastKnownFileType = sourcecode.swift; path = PlayerView.swift; sourceTree = "<group>"; };
		53763E8E2753F1F700A2D1CC /* Info.plist */ = {isa = PBXFileReference; lastKnownFileType = text.plist.xml; path = Info.plist; sourceTree = "<group>"; };
		53763E8F2753F48C00A2D1CC /* RoutePickerView.swift */ = {isa = PBXFileReference; lastKnownFileType = sourcecode.swift; path = RoutePickerView.swift; sourceTree = "<group>"; };
/* End PBXFileReference section */

/* Begin PBXFrameworksBuildPhase section */
		53763E6E2753D3D600A2D1CC /* Frameworks */ = {
			isa = PBXFrameworksBuildPhase;
			buildActionMask = 2147483647;
			files = (
			);
			runOnlyForDeploymentPostprocessing = 0;
		};
		53763E742753D3D600A2D1CC /* Frameworks */ = {
			isa = PBXFrameworksBuildPhase;
			buildActionMask = 2147483647;
			files = (
			);
			runOnlyForDeploymentPostprocessing = 0;
		};
/* End PBXFrameworksBuildPhase section */

/* Begin PBXGroup section */
		5325BBBE275483B50008D627 /* iOS */ = {
			isa = PBXGroup;
			children = (
				53763E8B2753EBB900A2D1CC /* PlayerView.swift */,
				53763E8F2753F48C00A2D1CC /* RoutePickerView.swift */,
				53763E8E2753F1F700A2D1CC /* Info.plist */,
			);
			path = iOS;
			sourceTree = "<group>";
		};
		53763E642753D3D500A2D1CC = {
			isa = PBXGroup;
			children = (
				53763E692753D3D500A2D1CC /* Shared */,
				5325BBBE275483B50008D627 /* iOS */,
				53763E782753D3D600A2D1CC /* macOS */,
				53763E722753D3D600A2D1CC /* Products */,
			);
			sourceTree = "<group>";
		};
		53763E692753D3D500A2D1CC /* Shared */ = {
			isa = PBXGroup;
			children = (
				53763E6A2753D3D500A2D1CC /* WGNChicagoApp.swift */,
				53763E6B2753D3D500A2D1CC /* WGNChicagoView.swift */,
				53763E882753D51900A2D1CC /* WGNChicagoViewModel.swift */,
				53763E6C2753D3D600A2D1CC /* Assets.xcassets */,
			);
			path = Shared;
			sourceTree = "<group>";
		};
		53763E722753D3D600A2D1CC /* Products */ = {
			isa = PBXGroup;
			children = (
				53763E712753D3D600A2D1CC /* WGN Chicago.app */,
				53763E772753D3D600A2D1CC /* WGN Chicago.app */,
			);
			name = Products;
			sourceTree = "<group>";
		};
		53763E782753D3D600A2D1CC /* macOS */ = {
			isa = PBXGroup;
			children = (
				53763E792753D3D600A2D1CC /* macOS.entitlements */,
			);
			path = macOS;
			sourceTree = "<group>";
		};
/* End PBXGroup section */

/* Begin PBXNativeTarget section */
		53763E702753D3D600A2D1CC /* WGN Chicago (iOS) */ = {
			isa = PBXNativeTarget;
			buildConfigurationList = 53763E822753D3D600A2D1CC /* Build configuration list for PBXNativeTarget "WGN Chicago (iOS)" */;
			buildPhases = (
				53763E6D2753D3D600A2D1CC /* Sources */,
				53763E6E2753D3D600A2D1CC /* Frameworks */,
				53763E6F2753D3D600A2D1CC /* Resources */,
			);
			buildRules = (
			);
			dependencies = (
			);
			name = "WGN Chicago (iOS)";
			productName = "WGN Chicago (iOS)";
			productReference = 53763E712753D3D600A2D1CC /* WGN Chicago.app */;
			productType = "com.apple.product-type.application";
		};
		53763E762753D3D600A2D1CC /* WGN Chicago (macOS) */ = {
			isa = PBXNativeTarget;
			buildConfigurationList = 53763E852753D3D600A2D1CC /* Build configuration list for PBXNativeTarget "WGN Chicago (macOS)" */;
			buildPhases = (
				53763E732753D3D600A2D1CC /* Sources */,
				53763E742753D3D600A2D1CC /* Frameworks */,
				53763E752753D3D600A2D1CC /* Resources */,
			);
			buildRules = (
			);
			dependencies = (
			);
			name = "WGN Chicago (macOS)";
			productName = "WGN Chicago (macOS)";
			productReference = 53763E772753D3D600A2D1CC /* WGN Chicago.app */;
			productType = "com.apple.product-type.application";
		};
/* End PBXNativeTarget section */

/* Begin PBXProject section */
		53763E652753D3D500A2D1CC /* Project object */ = {
			isa = PBXProject;
			attributes = {
				BuildIndependentTargetsInParallel = 1;
				LastSwiftUpdateCheck = 1310;
				LastUpgradeCheck = 1310;
				TargetAttributes = {
					53763E702753D3D600A2D1CC = {
						CreatedOnToolsVersion = 13.1;
					};
					53763E762753D3D600A2D1CC = {
						CreatedOnToolsVersion = 13.1;
					};
				};
			};
			buildConfigurationList = 53763E682753D3D500A2D1CC /* Build configuration list for PBXProject "WGN Chicago" */;
			compatibilityVersion = "Xcode 13.0";
			developmentRegion = en;
			hasScannedForEncodings = 0;
			knownRegions = (
				en,
				Base,
			);
			mainGroup = 53763E642753D3D500A2D1CC;
			productRefGroup = 53763E722753D3D600A2D1CC /* Products */;
			projectDirPath = "";
			projectRoot = "";
			targets = (
				53763E702753D3D600A2D1CC /* WGN Chicago (iOS) */,
				53763E762753D3D600A2D1CC /* WGN Chicago (macOS) */,
			);
		};
/* End PBXProject section */

/* Begin PBXResourcesBuildPhase section */
		53763E6F2753D3D600A2D1CC /* Resources */ = {
			isa = PBXResourcesBuildPhase;
			buildActionMask = 2147483647;
			files = (
				53763E7E2753D3D600A2D1CC /* Assets.xcassets in Resources */,
			);
			runOnlyForDeploymentPostprocessing = 0;
		};
		53763E752753D3D600A2D1CC /* Resources */ = {
			isa = PBXResourcesBuildPhase;
			buildActionMask = 2147483647;
			files = (
				53763E7F2753D3D600A2D1CC /* Assets.xcassets in Resources */,
			);
			runOnlyForDeploymentPostprocessing = 0;
		};
/* End PBXResourcesBuildPhase section */

/* Begin PBXSourcesBuildPhase section */
		53763E6D2753D3D600A2D1CC /* Sources */ = {
			isa = PBXSourcesBuildPhase;
			buildActionMask = 2147483647;
			files = (
				53763E902753F48C00A2D1CC /* RoutePickerView.swift in Sources */,
				53763E8C2753EBB900A2D1CC /* PlayerView.swift in Sources */,
				53763E892753D51900A2D1CC /* WGNChicagoViewModel.swift in Sources */,
				53763E7C2753D3D600A2D1CC /* WGNChicagoView.swift in Sources */,
				53763E7A2753D3D600A2D1CC /* WGNChicagoApp.swift in Sources */,
			);
			runOnlyForDeploymentPostprocessing = 0;
		};
		53763E732753D3D600A2D1CC /* Sources */ = {
			isa = PBXSourcesBuildPhase;
			buildActionMask = 2147483647;
			files = (
				53763E8A2753D51900A2D1CC /* WGNChicagoViewModel.swift in Sources */,
				53763E7D2753D3D600A2D1CC /* WGNChicagoView.swift in Sources */,
				53763E7B2753D3D600A2D1CC /* WGNChicagoApp.swift in Sources */,
			);
			runOnlyForDeploymentPostprocessing = 0;
		};
/* End PBXSourcesBuildPhase section */

/* Begin XCBuildConfiguration section */
		53763E802753D3D600A2D1CC /* Debug */ = {
			isa = XCBuildConfiguration;
			buildSettings = {
				ALWAYS_SEARCH_USER_PATHS = NO;
				CLANG_ANALYZER_NONNULL = YES;
				CLANG_ANALYZER_NUMBER_OBJECT_CONVERSION = YES_AGGRESSIVE;
				CLANG_CXX_LANGUAGE_STANDARD = "gnu++17";
				CLANG_CXX_LIBRARY = "libc++";
				CLANG_ENABLE_MODULES = YES;
				CLANG_ENABLE_OBJC_ARC = YES;
				CLANG_ENABLE_OBJC_WEAK = YES;
				CLANG_WARN_BLOCK_CAPTURE_AUTORELEASING = YES;
				CLANG_WARN_BOOL_CONVERSION = YES;
				CLANG_WARN_COMMA = YES;
				CLANG_WARN_CONSTANT_CONVERSION = YES;
				CLANG_WARN_DEPRECATED_OBJC_IMPLEMENTATIONS = YES;
				CLANG_WARN_DIRECT_OBJC_ISA_USAGE = YES_ERROR;
				CLANG_WARN_DOCUMENTATION_COMMENTS = YES;
				CLANG_WARN_EMPTY_BODY = YES;
				CLANG_WARN_ENUM_CONVERSION = YES;
				CLANG_WARN_INFINITE_RECURSION = YES;
				CLANG_WARN_INT_CONVERSION = YES;
				CLANG_WARN_NON_LITERAL_NULL_CONVERSION = YES;
				CLANG_WARN_OBJC_IMPLICIT_RETAIN_SELF = YES;
				CLANG_WARN_OBJC_LITERAL_CONVERSION = YES;
				CLANG_WARN_OBJC_ROOT_CLASS = YES_ERROR;
				CLANG_WARN_QUOTED_INCLUDE_IN_FRAMEWORK_HEADER = YES;
				CLANG_WARN_RANGE_LOOP_ANALYSIS = YES;
				CLANG_WARN_STRICT_PROTOTYPES = YES;
				CLANG_WARN_SUSPICIOUS_MOVE = YES;
				CLANG_WARN_UNGUARDED_AVAILABILITY = YES_AGGRESSIVE;
				CLANG_WARN_UNREACHABLE_CODE = YES;
				CLANG_WARN__DUPLICATE_METHOD_MATCH = YES;
				COPY_PHASE_STRIP = NO;
				DEBUG_INFORMATION_FORMAT = dwarf;
				ENABLE_STRICT_OBJC_MSGSEND = YES;
				ENABLE_TESTABILITY = YES;
				GCC_C_LANGUAGE_STANDARD = gnu11;
				GCC_DYNAMIC_NO_PIC = NO;
				GCC_NO_COMMON_BLOCKS = YES;
				GCC_OPTIMIZATION_LEVEL = 0;
				GCC_PREPROCESSOR_DEFINITIONS = (
					"DEBUG=1",
					"$(inherited)",
				);
				GCC_WARN_64_TO_32_BIT_CONVERSION = YES;
				GCC_WARN_ABOUT_RETURN_TYPE = YES_ERROR;
				GCC_WARN_UNDECLARED_SELECTOR = YES;
				GCC_WARN_UNINITIALIZED_AUTOS = YES_AGGRESSIVE;
				GCC_WARN_UNUSED_FUNCTION = YES;
				GCC_WARN_UNUSED_VARIABLE = YES;
				MTL_ENABLE_DEBUG_INFO = INCLUDE_SOURCE;
				MTL_FAST_MATH = YES;
				ONLY_ACTIVE_ARCH = YES;
				SWIFT_ACTIVE_COMPILATION_CONDITIONS = DEBUG;
				SWIFT_OPTIMIZATION_LEVEL = "-Onone";
			};
			name = Debug;
		};
		53763E812753D3D600A2D1CC /* Release */ = {
			isa = XCBuildConfiguration;
			buildSettings = {
				ALWAYS_SEARCH_USER_PATHS = NO;
				CLANG_ANALYZER_NONNULL = YES;
				CLANG_ANALYZER_NUMBER_OBJECT_CONVERSION = YES_AGGRESSIVE;
				CLANG_CXX_LANGUAGE_STANDARD = "gnu++17";
				CLANG_CXX_LIBRARY = "libc++";
				CLANG_ENABLE_MODULES = YES;
				CLANG_ENABLE_OBJC_ARC = YES;
				CLANG_ENABLE_OBJC_WEAK = YES;
				CLANG_WARN_BLOCK_CAPTURE_AUTORELEASING = YES;
				CLANG_WARN_BOOL_CONVERSION = YES;
				CLANG_WARN_COMMA = YES;
				CLANG_WARN_CONSTANT_CONVERSION = YES;
				CLANG_WARN_DEPRECATED_OBJC_IMPLEMENTATIONS = YES;
				CLANG_WARN_DIRECT_OBJC_ISA_USAGE = YES_ERROR;
				CLANG_WARN_DOCUMENTATION_COMMENTS = YES;
				CLANG_WARN_EMPTY_BODY = YES;
				CLANG_WARN_ENUM_CONVERSION = YES;
				CLANG_WARN_INFINITE_RECURSION = YES;
				CLANG_WARN_INT_CONVERSION = YES;
				CLANG_WARN_NON_LITERAL_NULL_CONVERSION = YES;
				CLANG_WARN_OBJC_IMPLICIT_RETAIN_SELF = YES;
				CLANG_WARN_OBJC_LITERAL_CONVERSION = YES;
				CLANG_WARN_OBJC_ROOT_CLASS = YES_ERROR;
				CLANG_WARN_QUOTED_INCLUDE_IN_FRAMEWORK_HEADER = YES;
				CLANG_WARN_RANGE_LOOP_ANALYSIS = YES;
				CLANG_WARN_STRICT_PROTOTYPES = YES;
				CLANG_WARN_SUSPICIOUS_MOVE = YES;
				CLANG_WARN_UNGUARDED_AVAILABILITY = YES_AGGRESSIVE;
				CLANG_WARN_UNREACHABLE_CODE = YES;
				CLANG_WARN__DUPLICATE_METHOD_MATCH = YES;
				COPY_PHASE_STRIP = NO;
				DEBUG_INFORMATION_FORMAT = "dwarf-with-dsym";
				ENABLE_NS_ASSERTIONS = NO;
				ENABLE_STRICT_OBJC_MSGSEND = YES;
				GCC_C_LANGUAGE_STANDARD = gnu11;
				GCC_NO_COMMON_BLOCKS = YES;
				GCC_WARN_64_TO_32_BIT_CONVERSION = YES;
				GCC_WARN_ABOUT_RETURN_TYPE = YES_ERROR;
				GCC_WARN_UNDECLARED_SELECTOR = YES;
				GCC_WARN_UNINITIALIZED_AUTOS = YES_AGGRESSIVE;
				GCC_WARN_UNUSED_FUNCTION = YES;
				GCC_WARN_UNUSED_VARIABLE = YES;
				MTL_ENABLE_DEBUG_INFO = NO;
				MTL_FAST_MATH = YES;
				SWIFT_COMPILATION_MODE = wholemodule;
				SWIFT_OPTIMIZATION_LEVEL = "-O";
			};
			name = Release;
		};
		53763E832753D3D600A2D1CC /* Debug */ = {
			isa = XCBuildConfiguration;
			buildSettings = {
				ASSETCATALOG_COMPILER_APPICON_NAME = AppIcon;
				ASSETCATALOG_COMPILER_GLOBAL_ACCENT_COLOR_NAME = AccentColor;
				CODE_SIGN_STYLE = Automatic;
				CURRENT_PROJECT_VERSION = 1;
				DEVELOPMENT_TEAM = 8SQNZE245D;
				ENABLE_PREVIEWS = YES;
				GENERATE_INFOPLIST_FILE = YES;
				INFOPLIST_FILE = Info.plist;
				INFOPLIST_KEY_UIApplicationSceneManifest_Generation = YES;
				INFOPLIST_KEY_UIApplicationSupportsIndirectInputEvents = YES;
				INFOPLIST_KEY_UILaunchScreen_Generation = YES;
				INFOPLIST_KEY_UISupportedInterfaceOrientations_iPad = "UIInterfaceOrientationPortrait UIInterfaceOrientationPortraitUpsideDown UIInterfaceOrientationLandscapeLeft UIInterfaceOrientationLandscapeRight";
				INFOPLIST_KEY_UISupportedInterfaceOrientations_iPhone = "UIInterfaceOrientationPortrait UIInterfaceOrientationLandscapeLeft UIInterfaceOrientationLandscapeRight";
				IPHONEOS_DEPLOYMENT_TARGET = 15.0;
				LD_RUNPATH_SEARCH_PATHS = (
					"$(inherited)",
					"@executable_path/Frameworks",
				);
				MARKETING_VERSION = 0.1;
				PRODUCT_BUNDLE_IDENTIFIER = "dev.nickt.WGN-Chicago";
				PRODUCT_NAME = "WGN Chicago";
				SDKROOT = iphoneos;
				SWIFT_EMIT_LOC_STRINGS = YES;
				SWIFT_VERSION = 5.0;
				TARGETED_DEVICE_FAMILY = "1,2";
			};
			name = Debug;
		};
		53763E842753D3D600A2D1CC /* Release */ = {
			isa = XCBuildConfiguration;
			buildSettings = {
				ASSETCATALOG_COMPILER_APPICON_NAME = AppIcon;
				ASSETCATALOG_COMPILER_GLOBAL_ACCENT_COLOR_NAME = AccentColor;
				CODE_SIGN_STYLE = Automatic;
				CURRENT_PROJECT_VERSION = 1;
				DEVELOPMENT_TEAM = 8SQNZE245D;
				ENABLE_PREVIEWS = YES;
				GENERATE_INFOPLIST_FILE = YES;
				INFOPLIST_FILE = Info.plist;
				INFOPLIST_KEY_UIApplicationSceneManifest_Generation = YES;
				INFOPLIST_KEY_UIApplicationSupportsIndirectInputEvents = YES;
				INFOPLIST_KEY_UILaunchScreen_Generation = YES;
				INFOPLIST_KEY_UISupportedInterfaceOrientations_iPad = "UIInterfaceOrientationPortrait UIInterfaceOrientationPortraitUpsideDown UIInterfaceOrientationLandscapeLeft UIInterfaceOrientationLandscapeRight";
				INFOPLIST_KEY_UISupportedInterfaceOrientations_iPhone = "UIInterfaceOrientationPortrait UIInterfaceOrientationLandscapeLeft UIInterfaceOrientationLandscapeRight";
				IPHONEOS_DEPLOYMENT_TARGET = 15.0;
				LD_RUNPATH_SEARCH_PATHS = (
					"$(inherited)",
					"@executable_path/Frameworks",
				);
				MARKETING_VERSION = 0.1;
				PRODUCT_BUNDLE_IDENTIFIER = "dev.nickt.WGN-Chicago";
				PRODUCT_NAME = "WGN Chicago";
				SDKROOT = iphoneos;
				SWIFT_EMIT_LOC_STRINGS = YES;
				SWIFT_VERSION = 5.0;
				TARGETED_DEVICE_FAMILY = "1,2";
				VALIDATE_PRODUCT = YES;
			};
			name = Release;
		};
		53763E862753D3D600A2D1CC /* Debug */ = {
			isa = XCBuildConfiguration;
			buildSettings = {
				ASSETCATALOG_COMPILER_APPICON_NAME = AppIcon;
				ASSETCATALOG_COMPILER_GLOBAL_ACCENT_COLOR_NAME = AccentColor;
				CODE_SIGN_ENTITLEMENTS = macOS/macOS.entitlements;
				CODE_SIGN_STYLE = Automatic;
				COMBINE_HIDPI_IMAGES = YES;
				CURRENT_PROJECT_VERSION = 1;
				DEVELOPMENT_TEAM = 8SQNZE245D;
				ENABLE_HARDENED_RUNTIME = YES;
				ENABLE_PREVIEWS = YES;
				GENERATE_INFOPLIST_FILE = YES;
				INFOPLIST_KEY_NSHumanReadableCopyright = "";
				LD_RUNPATH_SEARCH_PATHS = (
					"$(inherited)",
					"@executable_path/../Frameworks",
				);
				MACOSX_DEPLOYMENT_TARGET = 12.0;
				MARKETING_VERSION = 1.0;
				PRODUCT_BUNDLE_IDENTIFIER = "dev.nickt.WGN-Chicago";
				PRODUCT_NAME = "WGN Chicago";
				SDKROOT = macosx;
				SWIFT_EMIT_LOC_STRINGS = YES;
				SWIFT_VERSION = 5.0;
			};
			name = Debug;
		};
		53763E872753D3D600A2D1CC /* Release */ = {
			isa = XCBuildConfiguration;
			buildSettings = {
				ASSETCATALOG_COMPILER_APPICON_NAME = AppIcon;
				ASSETCATALOG_COMPILER_GLOBAL_ACCENT_COLOR_NAME = AccentColor;
				CODE_SIGN_ENTITLEMENTS = macOS/macOS.entitlements;
				CODE_SIGN_STYLE = Automatic;
				COMBINE_HIDPI_IMAGES = YES;
				CURRENT_PROJECT_VERSION = 1;
				DEVELOPMENT_TEAM = 8SQNZE245D;
				ENABLE_HARDENED_RUNTIME = YES;
				ENABLE_PREVIEWS = YES;
				GENERATE_INFOPLIST_FILE = YES;
				INFOPLIST_KEY_NSHumanReadableCopyright = "";
				LD_RUNPATH_SEARCH_PATHS = (
					"$(inherited)",
					"@executable_path/../Frameworks",
				);
				MACOSX_DEPLOYMENT_TARGET = 12.0;
				MARKETING_VERSION = 1.0;
				PRODUCT_BUNDLE_IDENTIFIER = "dev.nickt.WGN-Chicago";
				PRODUCT_NAME = "WGN Chicago";
				SDKROOT = macosx;
				SWIFT_EMIT_LOC_STRINGS = YES;
				SWIFT_VERSION = 5.0;
			};
			name = Release;
		};
/* End XCBuildConfiguration section */

/* Begin XCConfigurationList section */
		53763E682753D3D500A2D1CC /* Build configuration list for PBXProject "WGN Chicago" */ = {
			isa = XCConfigurationList;
			buildConfigurations = (
				53763E802753D3D600A2D1CC /* Debug */,
				53763E812753D3D600A2D1CC /* Release */,
			);
			defaultConfigurationIsVisible = 0;
			defaultConfigurationName = Release;
		};
		53763E822753D3D600A2D1CC /* Build configuration list for PBXNativeTarget "WGN Chicago (iOS)" */ = {
			isa = XCConfigurationList;
			buildConfigurations = (
				53763E832753D3D600A2D1CC /* Debug */,
				53763E842753D3D600A2D1CC /* Release */,
			);
			defaultConfigurationIsVisible = 0;
			defaultConfigurationName = Release;
		};
		53763E852753D3D600A2D1CC /* Build configuration list for PBXNativeTarget "WGN Chicago (macOS)" */ = {
			isa = XCConfigurationList;
			buildConfigurations = (
				53763E862753D3D600A2D1CC /* Debug */,
				53763E872753D3D600A2D1CC /* Release */,
			);
			defaultConfigurationIsVisible = 0;
			defaultConfigurationName = Release;
		};
/* End XCConfigurationList section */
	};
	rootObject = 53763E652753D3D500A2D1CC /* Project object */;
}
